
Microsoft Visual Studio Solution File, Format Version 12.00
# Visual Studio 2012
Project("{FAE04EC0-301F-11D3-BF4B-00C04F79EFBC}") = "TypeScriptDemo", "TypeScriptDemo\TypeScriptDemo.csproj", "{B364FE3F-A8CF-4F2E-9657-680D746C95BE}"
EndProject
Global
	GlobalSection(SolutionConfigurationPlatforms) = preSolution
		Debug|Any CPU = Debug|Any CPU
		Release|Any CPU = Release|Any CPU
	EndGlobalSection
	GlobalSection(ProjectConfigurationPlatforms) = postSolution
		{B364FE3F-A8CF-4F2E-9657-680D746C95BE}.Debug|Any CPU.ActiveCfg = Debug|Any CPU
		{B364FE3F-A8CF-4F2E-9657-680D746C95BE}.Debug|Any CPU.Build.0 = Debug|Any CPU
		{B364FE3F-A8CF-4F2E-9657-680D746C95BE}.Release|Any CPU.ActiveCfg = Release|Any CPU
		{B364FE3F-A8CF-4F2E-9657-680D746C95BE}.Release|Any CPU.Build.0 = Release|Any CPU
	EndGlobalSection
	GlobalSection(SolutionProperties) = preSolution
		HideSolutionNode = FALSE
	EndGlobalSection
EndGlobal
